
Microsoft Visual Studio Solution File, Format Version 12.00
# Visual Studio Version 16
VisualStudioVersion = 16.0.30907.101
MinimumVisualStudioVersion = 10.0.40219.1
Project("{FAE04EC0-301F-11D3-BF4B-00C04F79EFBC}") = "Lesson_5", "Lesson_5\Lesson_5.csproj", "{98F838DD-133D-4D89-A989-7EFE79AA755D}"
EndProject
Global
	GlobalSection(SolutionConfigurationPlatforms) = preSolution
		Debug|Any CPU = Debug|Any CPU
		Release|Any CPU = Release|Any CPU
	EndGlobalSection
	GlobalSection(ProjectConfigurationPlatforms) = postSolution
		{98F838DD-133D-4D89-A989-7EFE79AA755D}.Debug|Any CPU.ActiveCfg = Debug|Any CPU
		{98F838DD-133D-4D89-A989-7EFE79AA755D}.Debug|Any CPU.Build.0 = Debug|Any CPU
		{98F838DD-133D-4D89-A989-7EFE79AA755D}.Release|Any CPU.ActiveCfg = Release|Any CPU
		{98F838DD-133D-4D89-A989-7EFE79AA755D}.Release|Any CPU.Build.0 = Release|Any CPU
	EndGlobalSection
	GlobalSection(SolutionProperties) = preSolution
		HideSolutionNode = FALSE
	EndGlobalSection
	GlobalSection(ExtensibilityGlobals) = postSolution
		SolutionGuid = {CB2A9C43-8057-46A1-95F3-51D7724519C8}
	EndGlobalSection
EndGlobal
