
Microsoft Visual Studio Solution File, Format Version 12.00
# Visual Studio Version 16
VisualStudioVersion = 16.0.30907.101
MinimumVisualStudioVersion = 10.0.40219.1
Project("{FAE04EC0-301F-11D3-BF4B-00C04F79EFBC}") = "Lesson_2", "Lesson_2\Lesson_2.csproj", "{D2354D7B-2D4C-4E7F-AB54-46380063834E}"
EndProject
Global
	GlobalSection(SolutionConfigurationPlatforms) = preSolution
		Debug|Any CPU = Debug|Any CPU
		Release|Any CPU = Release|Any CPU
	EndGlobalSection
	GlobalSection(ProjectConfigurationPlatforms) = postSolution
		{D2354D7B-2D4C-4E7F-AB54-46380063834E}.Debug|Any CPU.ActiveCfg = Debug|Any CPU
		{D2354D7B-2D4C-4E7F-AB54-46380063834E}.Debug|Any CPU.Build.0 = Debug|Any CPU
		{D2354D7B-2D4C-4E7F-AB54-46380063834E}.Release|Any CPU.ActiveCfg = Release|Any CPU
		{D2354D7B-2D4C-4E7F-AB54-46380063834E}.Release|Any CPU.Build.0 = Release|Any CPU
	EndGlobalSection
	GlobalSection(SolutionProperties) = preSolution
		HideSolutionNode = FALSE
	EndGlobalSection
	GlobalSection(ExtensibilityGlobals) = postSolution
		SolutionGuid = {D213F304-5AD2-4C8C-A6E7-AC282C3CC9A1}
	EndGlobalSection
EndGlobal
