
Microsoft Visual Studio Solution File, Format Version 12.00
# Visual Studio Version 16
VisualStudioVersion = 16.0.31112.23
MinimumVisualStudioVersion = 10.0.40219.1
Project("{FAE04EC0-301F-11D3-BF4B-00C04F79EFBC}") = "CSharpRecap1", "CSharpRecap1\CSharpRecap1.csproj", "{3C854032-AA58-4A4E-8D80-B6E7D1B6A93A}"
EndProject
Global
	GlobalSection(SolutionConfigurationPlatforms) = preSolution
		Debug|Any CPU = Debug|Any CPU
		Release|Any CPU = Release|Any CPU
	EndGlobalSection
	GlobalSection(ProjectConfigurationPlatforms) = postSolution
		{3C854032-AA58-4A4E-8D80-B6E7D1B6A93A}.Debug|Any CPU.ActiveCfg = Debug|Any CPU
		{3C854032-AA58-4A4E-8D80-B6E7D1B6A93A}.Debug|Any CPU.Build.0 = Debug|Any CPU
		{3C854032-AA58-4A4E-8D80-B6E7D1B6A93A}.Release|Any CPU.ActiveCfg = Release|Any CPU
		{3C854032-AA58-4A4E-8D80-B6E7D1B6A93A}.Release|Any CPU.Build.0 = Release|Any CPU
	EndGlobalSection
	GlobalSection(SolutionProperties) = preSolution
		HideSolutionNode = FALSE
	EndGlobalSection
	GlobalSection(ExtensibilityGlobals) = postSolution
		SolutionGuid = {E3D92599-02BB-455E-A220-3EAAAD92A9E0}
	EndGlobalSection
EndGlobal
