
Microsoft Visual Studio Solution File, Format Version 12.00
# Visual Studio Version 16
VisualStudioVersion = 16.0.31112.23
MinimumVisualStudioVersion = 10.0.40219.1
Project("{FAE04EC0-301F-11D3-BF4B-00C04F79EFBC}") = "Lesson_13", "Lesson_13\Lesson_13.csproj", "{5CBB010D-439A-4960-B41E-6A374B3ED49A}"
EndProject
Global
	GlobalSection(SolutionConfigurationPlatforms) = preSolution
		Debug|Any CPU = Debug|Any CPU
		Release|Any CPU = Release|Any CPU
	EndGlobalSection
	GlobalSection(ProjectConfigurationPlatforms) = postSolution
		{5CBB010D-439A-4960-B41E-6A374B3ED49A}.Debug|Any CPU.ActiveCfg = Debug|Any CPU
		{5CBB010D-439A-4960-B41E-6A374B3ED49A}.Debug|Any CPU.Build.0 = Debug|Any CPU
		{5CBB010D-439A-4960-B41E-6A374B3ED49A}.Release|Any CPU.ActiveCfg = Release|Any CPU
		{5CBB010D-439A-4960-B41E-6A374B3ED49A}.Release|Any CPU.Build.0 = Release|Any CPU
	EndGlobalSection
	GlobalSection(SolutionProperties) = preSolution
		HideSolutionNode = FALSE
	EndGlobalSection
	GlobalSection(ExtensibilityGlobals) = postSolution
		SolutionGuid = {30D6582E-78C3-4D60-93EF-42377E080218}
	EndGlobalSection
EndGlobal
