
Microsoft Visual Studio Solution File, Format Version 12.00
# Visual Studio Version 16
VisualStudioVersion = 16.0.30907.101
MinimumVisualStudioVersion = 10.0.40219.1
Project("{FAE04EC0-301F-11D3-BF4B-00C04F79EFBC}") = "Lesson_4", "Lesson_4\Lesson_4.csproj", "{0E24C250-A70A-47C3-8BD8-543B93004222}"
EndProject
Global
	GlobalSection(SolutionConfigurationPlatforms) = preSolution
		Debug|Any CPU = Debug|Any CPU
		Release|Any CPU = Release|Any CPU
	EndGlobalSection
	GlobalSection(ProjectConfigurationPlatforms) = postSolution
		{0E24C250-A70A-47C3-8BD8-543B93004222}.Debug|Any CPU.ActiveCfg = Debug|Any CPU
		{0E24C250-A70A-47C3-8BD8-543B93004222}.Debug|Any CPU.Build.0 = Debug|Any CPU
		{0E24C250-A70A-47C3-8BD8-543B93004222}.Release|Any CPU.ActiveCfg = Release|Any CPU
		{0E24C250-A70A-47C3-8BD8-543B93004222}.Release|Any CPU.Build.0 = Release|Any CPU
	EndGlobalSection
	GlobalSection(SolutionProperties) = preSolution
		HideSolutionNode = FALSE
	EndGlobalSection
	GlobalSection(ExtensibilityGlobals) = postSolution
		SolutionGuid = {2A463316-30BB-4B96-B301-9F8CFBFB6590}
	EndGlobalSection
EndGlobal
