
Microsoft Visual Studio Solution File, Format Version 12.00
# Visual Studio Version 16
VisualStudioVersion = 16.0.30907.101
MinimumVisualStudioVersion = 10.0.40219.1
Project("{FAE04EC0-301F-11D3-BF4B-00C04F79EFBC}") = "Lesson_3", "Lesson_3\Lesson_3.csproj", "{06205939-EB71-404C-8134-FDC576D6FC89}"
EndProject
Global
	GlobalSection(SolutionConfigurationPlatforms) = preSolution
		Debug|Any CPU = Debug|Any CPU
		Release|Any CPU = Release|Any CPU
	EndGlobalSection
	GlobalSection(ProjectConfigurationPlatforms) = postSolution
		{06205939-EB71-404C-8134-FDC576D6FC89}.Debug|Any CPU.ActiveCfg = Debug|Any CPU
		{06205939-EB71-404C-8134-FDC576D6FC89}.Debug|Any CPU.Build.0 = Debug|Any CPU
		{06205939-EB71-404C-8134-FDC576D6FC89}.Release|Any CPU.ActiveCfg = Release|Any CPU
		{06205939-EB71-404C-8134-FDC576D6FC89}.Release|Any CPU.Build.0 = Release|Any CPU
	EndGlobalSection
	GlobalSection(SolutionProperties) = preSolution
		HideSolutionNode = FALSE
	EndGlobalSection
	GlobalSection(ExtensibilityGlobals) = postSolution
		SolutionGuid = {4A88020D-B0D0-4D42-BD2C-0F48D952A775}
	EndGlobalSection
EndGlobal
